
Microsoft Visual Studio Solution File, Format Version 12.00
# Visual Studio 2012
Project("{FAE04EC0-301F-11D3-BF4B-00C04F79EFBC}") = "LzglMVC", "LzglMVC\LzglMVC.csproj", "{1197F742-1ADB-463D-9E87-48F71675F969}"
EndProject
Project("{FAE04EC0-301F-11D3-BF4B-00C04F79EFBC}") = "BLL", "BLL\BLL.csproj", "{3AD9332D-E06A-4CED-8204-399F072C15A2}"
EndProject
Project("{FAE04EC0-301F-11D3-BF4B-00C04F79EFBC}") = "DAL", "DAL\DAL.csproj", "{AD8349A5-57A0-4C88-96D9-AC217D2D6E2B}"
EndProject
Project("{FAE04EC0-301F-11D3-BF4B-00C04F79EFBC}") = "Models", "Models\Models.csproj", "{6D9D659F-4B4B-4CB9-BB66-A9BC1EAABE5E}"
EndProject
Project("{FAE04EC0-301F-11D3-BF4B-00C04F79EFBC}") = "Utils", "Utils\Utils.csproj", "{F39D6D6F-5D45-4C15-9E0F-B088109C40A5}"
EndProject
Global
	GlobalSection(SolutionConfigurationPlatforms) = preSolution
		Debug|Any CPU = Debug|Any CPU
		Release|Any CPU = Release|Any CPU
	EndGlobalSection
	GlobalSection(ProjectConfigurationPlatforms) = postSolution
		{1197F742-1ADB-463D-9E87-48F71675F969}.Debug|Any CPU.ActiveCfg = Debug|Any CPU
		{1197F742-1ADB-463D-9E87-48F71675F969}.Debug|Any CPU.Build.0 = Debug|Any CPU
		{1197F742-1ADB-463D-9E87-48F71675F969}.Release|Any CPU.ActiveCfg = Release|Any CPU
		{1197F742-1ADB-463D-9E87-48F71675F969}.Release|Any CPU.Build.0 = Release|Any CPU
		{3AD9332D-E06A-4CED-8204-399F072C15A2}.Debug|Any CPU.ActiveCfg = Debug|Any CPU
		{3AD9332D-E06A-4CED-8204-399F072C15A2}.Debug|Any CPU.Build.0 = Debug|Any CPU
		{3AD9332D-E06A-4CED-8204-399F072C15A2}.Release|Any CPU.ActiveCfg = Release|Any CPU
		{3AD9332D-E06A-4CED-8204-399F072C15A2}.Release|Any CPU.Build.0 = Release|Any CPU
		{AD8349A5-57A0-4C88-96D9-AC217D2D6E2B}.Debug|Any CPU.ActiveCfg = Debug|Any CPU
		{AD8349A5-57A0-4C88-96D9-AC217D2D6E2B}.Debug|Any CPU.Build.0 = Debug|Any CPU
		{AD8349A5-57A0-4C88-96D9-AC217D2D6E2B}.Release|Any CPU.ActiveCfg = Release|Any CPU
		{AD8349A5-57A0-4C88-96D9-AC217D2D6E2B}.Release|Any CPU.Build.0 = Release|Any CPU
		{6D9D659F-4B4B-4CB9-BB66-A9BC1EAABE5E}.Debug|Any CPU.ActiveCfg = Debug|Any CPU
		{6D9D659F-4B4B-4CB9-BB66-A9BC1EAABE5E}.Debug|Any CPU.Build.0 = Debug|Any CPU
		{6D9D659F-4B4B-4CB9-BB66-A9BC1EAABE5E}.Release|Any CPU.ActiveCfg = Release|Any CPU
		{6D9D659F-4B4B-4CB9-BB66-A9BC1EAABE5E}.Release|Any CPU.Build.0 = Release|Any CPU
		{F39D6D6F-5D45-4C15-9E0F-B088109C40A5}.Debug|Any CPU.ActiveCfg = Debug|Any CPU
		{F39D6D6F-5D45-4C15-9E0F-B088109C40A5}.Debug|Any CPU.Build.0 = Debug|Any CPU
		{F39D6D6F-5D45-4C15-9E0F-B088109C40A5}.Release|Any CPU.ActiveCfg = Release|Any CPU
		{F39D6D6F-5D45-4C15-9E0F-B088109C40A5}.Release|Any CPU.Build.0 = Release|Any CPU
	EndGlobalSection
	GlobalSection(SolutionProperties) = preSolution
		HideSolutionNode = FALSE
	EndGlobalSection
EndGlobal
